<?xml version="1.0" encoding="utf-8"?>
<Project ToolsVersion="4.0" xmlns="http://schemas.microsoft.com/developer/msbuild/2003">
  <ItemGroup>
    <Filter Include="Source Files">
      <UniqueIdentifier>{4FC737F1-C7A5-4376-A066-2A32D752A2FF}</UniqueIdentifier>
      <Extensions>cpp;c;cc;cxx;c++;cppm;ixx;def;odl;idl;hpj;bat;asm;asmx</Extensions>
    </Filter>
    <Filter Include="Header Files">
      <UniqueIdentifier>{93995380-89BD-4b04-88EB-625FBE52EBFB}</UniqueIdentifier>
      <Extensions>h;hh;hpp;hxx;h++;hm;inl;inc;ipp;xsd</Extensions>
    </Filter>
    <Filter Include="Resource Files">
      <UniqueIdentifier>{67DA6AB6-F800-4c08-8B7A-83BB121AAD01}</UniqueIdentifier>
      <Extensions>rc;ico;cur;bmp;dlg;rc2;rct;bin;rgs;gif;jpg;jpeg;jpe;resx;tiff;tif;png;wav;mfcribbon-ms</Extensions>
    </Filter>
  </ItemGroup>
  <ItemGroup>
    <ClCompile Include="src\Main.cpp">
      <Filter>Source Files</Filter>
    </ClCompile>
    <ClCompile Include="src\Engine\BitBoardGen.cpp">
      <Filter>Source Files</Filter>
    </ClCompile>
    <ClCompile Include="src\Engine\Board.cpp">
      <Filter>Source Files</Filter>
    </ClCompile>
    <ClCompile Include="src\Engine\BoardState.cpp">
      <Filter>Source Files</Filter>
    </ClCompile>
    <ClCompile Include="src\Engine\FenParser.cpp">
      <Filter>Source Files</Filter>
    </ClCompile>
    <ClCompile Include="src\Engine\HashTable.cpp">
      <Filter>Source Files</Filter>
    </ClCompile>
    <ClCompile Include="src\Engine\Magic.cpp">
      <Filter>Source Files</Filter>
    </ClCompile>
    <ClCompile Include="src\Engine\Move.cpp">
      <Filter>Source Files</Filter>
    </ClCompile>
    <ClCompile Include="src\Engine\MoveGen.cpp">
      <Filter>Source Files</Filter>
    </ClCompile>
    <ClCompile Include="src\Engine\Perft.cpp">
      <Filter>Source Files</Filter>
    </ClCompile>
    <ClCompile Include="src\Engine\StringUtils.cpp">
      <Filter>Source Files</Filter>
    </ClCompile>
    <ClCompile Include="src\Engine\Zobrist.cpp">
      <Filter>Source Files</Filter>
    </ClCompile>
    <ClCompile Include="src\Engine\Evaluation.cpp">
      <Filter>Source Files</Filter>
    </ClCompile>
    <ClCompile Include="src\Engine\Search.cpp">
      <Filter>Source Files</Filter>
    </ClCompile>
    <ClCompile Include="src\Engine\UCI.cpp">
      <Filter>Source Files</Filter>
    </ClCompile>
    <ClCompile Include="src\Engine\TestSuite.cpp">
      <Filter>Source Files</Filter>
    </ClCompile>
  </ItemGroup>
  <ItemGroup>
    <ClInclude Include="includes\Engine\BitBoardGen.h">
      <Filter>Header Files</Filter>
    </ClInclude>
    <ClInclude Include="includes\Engine\Board.h">
      <Filter>Header Files</Filter>
    </ClInclude>
    <ClInclude Include="includes\Engine\BoardState.h">
      <Filter>Header Files</Filter>
    </ClInclude>
    <ClInclude Include="includes\Engine\defs.h">
      <Filter>Header Files</Filter>
    </ClInclude>
    <ClInclude Include="includes\Engine\FenParser.h">
      <Filter>Header Files</Filter>
    </ClInclude>
    <ClInclude Include="includes\Engine\HashTable.h">
      <Filter>Header Files</Filter>
    </ClInclude>
    <ClInclude Include="includes\Engine\Magic.h">
      <Filter>Header Files</Filter>
    </ClInclude>
    <ClInclude Include="includes\Engine\Move.h">
      <Filter>Header Files</Filter>
    </ClInclude>
    <ClInclude Include="includes\Engine\MoveGen.h">
      <Filter>Header Files</Filter>
    </ClInclude>
    <ClInclude Include="includes\Engine\Perft.h">
      <Filter>Header Files</Filter>
    </ClInclude>
    <ClInclude Include="includes\Engine\StringUtils.h">
      <Filter>Header Files</Filter>
    </ClInclude>
    <ClInclude Include="includes\Engine\Zobrist.h">
      <Filter>Header Files</Filter>
    </ClInclude>
    <ClInclude Include="includes\Engine\Evaluation.h">
      <Filter>Header Files</Filter>
    </ClInclude>
    <ClInclude Include="includes\Engine\Search.h">
      <Filter>Header Files</Filter>
    </ClInclude>
    <ClInclude Include="includes\Engine\UCI.h">
      <Filter>Header Files</Filter>
    </ClInclude>
    <ClInclude Include="includes\Engine\TestSuite.h">
      <Filter>Header Files</Filter>
    </ClInclude>
  </ItemGroup>
  <ItemGroup>
    <Text Include="perft.txt" />
  </ItemGroup>
  <ItemGroup>
    <None Include="positions.fen" />
    <None Include="bench.epd" />
  </ItemGroup>
</Project>